// !$*UTF8*$!
{
	archiveVersion = 1;
	classes = {
	};
	objectVersion = 46;
	objects = {

/* Begin PBXBuildFile section */
		2F2A12C91E7EA4E4005A49EA /* AppDelegate.swift in Sources */ = {isa = PBXBuildFile; fileRef = 2F2A12C81E7EA4E4005A49EA /* AppDelegate.swift */; };
		2F2A12CB1E7EA4E4005A49EA /* CMViewController.swift in Sources */ = {isa = PBXBuildFile; fileRef = 2F2A12CA1E7EA4E4005A49EA /* CMViewController.swift */; };
		2F2A12CE1E7EA4E4005A49EA /* Main.storyboard in Resources */ = {isa = PBXBuildFile; fileRef = 2F2A12CC1E7EA4E4005A49EA /* Main.storyboard */; };
		2F2A12D01E7EA4E4005A49EA /* Assets.xcassets in Resources */ = {isa = PBXBuildFile; fileRef = 2F2A12CF1E7EA4E4005A49EA /* Assets.xcassets */; };
		2F2A12D31E7EA4E4005A49EA /* LaunchScreen.storyboard in Resources */ = {isa = PBXBuildFile; fileRef = 2F2A12D11E7EA4E4005A49EA /* LaunchScreen.storyboard */; };
		2F2A12DB1E7EA9A5005A49EA /* CMAnimationView.swift in Sources */ = {isa = PBXBuildFile; fileRef = 2F2A12DA1E7EA9A5005A49EA /* CMAnimationView.swift */; };
		2F2A12DD1E7EA9EA005A49EA /* CMObjectView.swift in Sources */ = {isa = PBXBuildFile; fileRef = 2F2A12DC1E7EA9EA005A49EA /* CMObjectView.swift */; };
		2F4CC3D51E85531E001A2CDA /* ElasticCollisionViewController.swift in Sources */ = {isa = PBXBuildFile; fileRef = 2F4CC3D41E85531E001A2CDA /* ElasticCollisionViewController.swift */; };
		2FBC18DF1E7EB89B004F8C83 /* BrachistochroneViewController.swift in Sources */ = {isa = PBXBuildFile; fileRef = 2FBC18DE1E7EB89B004F8C83 /* BrachistochroneViewController.swift */; };
/* End PBXBuildFile section */

/* Begin PBXFileReference section */
		2F2A12C51E7EA4E4005A49EA /* WWDC17Apply.app */ = {isa = PBXFileReference; explicitFileType = wrapper.application; includeInIndex = 0; path = WWDC17Apply.app; sourceTree = BUILT_PRODUCTS_DIR; };
		2F2A12C81E7EA4E4005A49EA /* AppDelegate.swift */ = {isa = PBXFileReference; lastKnownFileType = sourcecode.swift; path = AppDelegate.swift; sourceTree = "<group>"; };
		2F2A12CA1E7EA4E4005A49EA /* CMViewController.swift */ = {isa = PBXFileReference; lastKnownFileType = sourcecode.swift; path = CMViewController.swift; sourceTree = "<group>"; };
		2F2A12CD1E7EA4E4005A49EA /* Base */ = {isa = PBXFileReference; lastKnownFileType = file.storyboard; name = Base; path = Base.lproj/Main.storyboard; sourceTree = "<group>"; };
		2F2A12CF1E7EA4E4005A49EA /* Assets.xcassets */ = {isa = PBXFileReference; lastKnownFileType = folder.assetcatalog; path = Assets.xcassets; sourceTree = "<group>"; };
		2F2A12D21E7EA4E4005A49EA /* Base */ = {isa = PBXFileReference; lastKnownFileType = file.storyboard; name = Base; path = Base.lproj/LaunchScreen.storyboard; sourceTree = "<group>"; };
		2F2A12D41E7EA4E4005A49EA /* Info.plist */ = {isa = PBXFileReference; lastKnownFileType = text.plist.xml; path = Info.plist; sourceTree = "<group>"; };
		2F2A12DA1E7EA9A5005A49EA /* CMAnimationView.swift */ = {isa = PBXFileReference; fileEncoding = 4; lastKnownFileType = sourcecode.swift; path = CMAnimationView.swift; sourceTree = "<group>"; };
		2F2A12DC1E7EA9EA005A49EA /* CMObjectView.swift */ = {isa = PBXFileReference; fileEncoding = 4; lastKnownFileType = sourcecode.swift; path = CMObjectView.swift; sourceTree = "<group>"; };
		2F4CC3D41E85531E001A2CDA /* ElasticCollisionViewController.swift */ = {isa = PBXFileReference; fileEncoding = 4; lastKnownFileType = sourcecode.swift; path = ElasticCollisionViewController.swift; sourceTree = "<group>"; };
		2FBC18DE1E7EB89B004F8C83 /* BrachistochroneViewController.swift */ = {isa = PBXFileReference; fileEncoding = 4; lastKnownFileType = sourcecode.swift; path = BrachistochroneViewController.swift; sourceTree = "<group>"; };
/* End PBXFileReference section */

/* Begin PBXFrameworksBuildPhase section */
		2F2A12C21E7EA4E3005A49EA /* Frameworks */ = {
			isa = PBXFrameworksBuildPhase;
			buildActionMask = 2147483647;
			files = (
			);
			runOnlyForDeploymentPostprocessing = 0;
		};
/* End PBXFrameworksBuildPhase section */

/* Begin PBXGroup section */
		2F2A12BC1E7EA4E3005A49EA = {
			isa = PBXGroup;
			children = (
				2F2A12C71E7EA4E4005A49EA /* WWDC17Apply */,
				2F2A12C61E7EA4E4005A49EA /* Products */,
			);
			sourceTree = "<group>";
		};
		2F2A12C61E7EA4E4005A49EA /* Products */ = {
			isa = PBXGroup;
			children = (
				2F2A12C51E7EA4E4005A49EA /* WWDC17Apply.app */,
			);
			name = Products;
			sourceTree = "<group>";
		};
		2F2A12C71E7EA4E4005A49EA /* WWDC17Apply */ = {
			isa = PBXGroup;
			children = (
				2F2A12C81E7EA4E4005A49EA /* AppDelegate.swift */,
				2FBC18DE1E7EB89B004F8C83 /* BrachistochroneViewController.swift */,
				2F4CC3D41E85531E001A2CDA /* ElasticCollisionViewController.swift */,
				2F2A12DE1E7EA9F1005A49EA /* CircularMotionView */,
				2F2A12CC1E7EA4E4005A49EA /* Main.storyboard */,
				2F2A12CF1E7EA4E4005A49EA /* Assets.xcassets */,
				2F2A12D11E7EA4E4005A49EA /* LaunchScreen.storyboard */,
				2F2A12D41E7EA4E4005A49EA /* Info.plist */,
			);
			path = WWDC17Apply;
			sourceTree = "<group>";
		};
		2F2A12DE1E7EA9F1005A49EA /* CircularMotionView */ = {
			isa = PBXGroup;
			children = (
				2F2A12CA1E7EA4E4005A49EA /* CMViewController.swift */,
				2F2A12DA1E7EA9A5005A49EA /* CMAnimationView.swift */,
				2F2A12DC1E7EA9EA005A49EA /* CMObjectView.swift */,
			);
			name = CircularMotionView;
			sourceTree = "<group>";
		};
/* End PBXGroup section */

/* Begin PBXNativeTarget section */
		2F2A12C41E7EA4E3005A49EA /* WWDC17Apply */ = {
			isa = PBXNativeTarget;
			buildConfigurationList = 2F2A12D71E7EA4E4005A49EA /* Build configuration list for PBXNativeTarget "WWDC17Apply" */;
			buildPhases = (
				2F2A12C11E7EA4E3005A49EA /* Sources */,
				2F2A12C21E7EA4E3005A49EA /* Frameworks */,
				2F2A12C31E7EA4E3005A49EA /* Resources */,
			);
			buildRules = (
			);
			dependencies = (
			);
			name = WWDC17Apply;
			productName = WWDC17Apply;
			productReference = 2F2A12C51E7EA4E4005A49EA /* WWDC17Apply.app */;
			productType = "com.apple.product-type.application";
		};
/* End PBXNativeTarget section */

/* Begin PBXProject section */
		2F2A12BD1E7EA4E3005A49EA /* Project object */ = {
			isa = PBXProject;
			attributes = {
				LastSwiftUpdateCheck = 0820;
				LastUpgradeCheck = 0820;
				ORGANIZATIONNAME = "Yang Li";
				TargetAttributes = {
					2F2A12C41E7EA4E3005A49EA = {
						CreatedOnToolsVersion = 8.2.1;
						DevelopmentTeam = G4WT85FFHH;
						ProvisioningStyle = Automatic;
					};
				};
			};
			buildConfigurationList = 2F2A12C01E7EA4E3005A49EA /* Build configuration list for PBXProject "WWDC17Apply" */;
			compatibilityVersion = "Xcode 3.2";
			developmentRegion = English;
			hasScannedForEncodings = 0;
			knownRegions = (
				en,
				Base,
			);
			mainGroup = 2F2A12BC1E7EA4E3005A49EA;
			productRefGroup = 2F2A12C61E7EA4E4005A49EA /* Products */;
			projectDirPath = "";
			projectRoot = "";
			targets = (
				2F2A12C41E7EA4E3005A49EA /* WWDC17Apply */,
			);
		};
/* End PBXProject section */

/* Begin PBXResourcesBuildPhase section */
		2F2A12C31E7EA4E3005A49EA /* Resources */ = {
			isa = PBXResourcesBuildPhase;
			buildActionMask = 2147483647;
			files = (
				2F2A12D31E7EA4E4005A49EA /* LaunchScreen.storyboard in Resources */,
				2F2A12D01E7EA4E4005A49EA /* Assets.xcassets in Resources */,
				2F2A12CE1E7EA4E4005A49EA /* Main.storyboard in Resources */,
			);
			runOnlyForDeploymentPostprocessing = 0;
		};
/* End PBXResourcesBuildPhase section */

/* Begin PBXSourcesBuildPhase section */
		2F2A12C11E7EA4E3005A49EA /* Sources */ = {
			isa = PBXSourcesBuildPhase;
			buildActionMask = 2147483647;
			files = (
				2F2A12CB1E7EA4E4005A49EA /* CMViewController.swift in Sources */,
				2F2A12C91E7EA4E4005A49EA /* AppDelegate.swift in Sources */,
				2FBC18DF1E7EB89B004F8C83 /* BrachistochroneViewController.swift in Sources */,
				2F4CC3D51E85531E001A2CDA /* ElasticCollisionViewController.swift in Sources */,
				2F2A12DB1E7EA9A5005A49EA /* CMAnimationView.swift in Sources */,
				2F2A12DD1E7EA9EA005A49EA /* CMObjectView.swift in Sources */,
			);
			runOnlyForDeploymentPostprocessing = 0;
		};
/* End PBXSourcesBuildPhase section */

/* Begin PBXVariantGroup section */
		2F2A12CC1E7EA4E4005A49EA /* Main.storyboard */ = {
			isa = PBXVariantGroup;
			children = (
				2F2A12CD1E7EA4E4005A49EA /* Base */,
			);
			name = Main.storyboard;
			sourceTree = "<group>";
		};
		2F2A12D11E7EA4E4005A49EA /* LaunchScreen.storyboard */ = {
			isa = PBXVariantGroup;
			children = (
				2F2A12D21E7EA4E4005A49EA /* Base */,
			);
			name = LaunchScreen.storyboard;
			sourceTree = "<group>";
		};
/* End PBXVariantGroup section */

/* Begin XCBuildConfiguration section */
		2F2A12D51E7EA4E4005A49EA /* Debug */ = {
			isa = XCBuildConfiguration;
			buildSettings = {
				ALWAYS_SEARCH_USER_PATHS = NO;
				CLANG_ANALYZER_NONNULL = YES;
				CLANG_CXX_LANGUAGE_STANDARD = "gnu++0x";
				CLANG_CXX_LIBRARY = "libc++";
				CLANG_ENABLE_MODULES = YES;
				CLANG_ENABLE_OBJC_ARC = YES;
				CLANG_WARN_BOOL_CONVERSION = YES;
				CLANG_WARN_CONSTANT_CONVERSION = YES;
				CLANG_WARN_DIRECT_OBJC_ISA_USAGE = YES_ERROR;
				CLANG_WARN_DOCUMENTATION_COMMENTS = YES;
				CLANG_WARN_EMPTY_BODY = YES;
				CLANG_WARN_ENUM_CONVERSION = YES;
				CLANG_WARN_INFINITE_RECURSION = YES;
				CLANG_WARN_INT_CONVERSION = YES;
				CLANG_WARN_OBJC_ROOT_CLASS = YES_ERROR;
				CLANG_WARN_SUSPICIOUS_MOVE = YES;
				CLANG_WARN_UNREACHABLE_CODE = YES;
				CLANG_WARN__DUPLICATE_METHOD_MATCH = YES;
				"CODE_SIGN_IDENTITY[sdk=iphoneos*]" = "iPhone Developer";
				COPY_PHASE_STRIP = NO;
				DEBUG_INFORMATION_FORMAT = dwarf;
				ENABLE_STRICT_OBJC_MSGSEND = YES;
				ENABLE_TESTABILITY = YES;
				GCC_C_LANGUAGE_STANDARD = gnu99;
				GCC_DYNAMIC_NO_PIC = NO;
				GCC_NO_COMMON_BLOCKS = YES;
				GCC_OPTIMIZATION_LEVEL = 0;
				GCC_PREPROCESSOR_DEFINITIONS = (
					"DEBUG=1",
					"$(inherited)",
				);
				GCC_WARN_64_TO_32_BIT_CONVERSION = YES;
				GCC_WARN_ABOUT_RETURN_TYPE = YES_ERROR;
				GCC_WARN_UNDECLARED_SELECTOR = YES;
				GCC_WARN_UNINITIALIZED_AUTOS = YES_AGGRESSIVE;
				GCC_WARN_UNUSED_FUNCTION = YES;
				GCC_WARN_UNUSED_VARIABLE = YES;
				IPHONEOS_DEPLOYMENT_TARGET = 10.2;
				MTL_ENABLE_DEBUG_INFO = YES;
				ONLY_ACTIVE_ARCH = YES;
				SDKROOT = iphoneos;
				SWIFT_ACTIVE_COMPILATION_CONDITIONS = DEBUG;
				SWIFT_OPTIMIZATION_LEVEL = "-Onone";
				TARGETED_DEVICE_FAMILY = 2;
			};
			name = Debug;
		};
		2F2A12D61E7EA4E4005A49EA /* Release */ = {
			isa = XCBuildConfiguration;
			buildSettings = {
				ALWAYS_SEARCH_USER_PATHS = NO;
				CLANG_ANALYZER_NONNULL = YES;
				CLANG_CXX_LANGUAGE_STANDARD = "gnu++0x";
				CLANG_CXX_LIBRARY = "libc++";
				CLANG_ENABLE_MODULES = YES;
				CLANG_ENABLE_OBJC_ARC = YES;
				CLANG_WARN_BOOL_CONVERSION = YES;
				CLANG_WARN_CONSTANT_CONVERSION = YES;
				CLANG_WARN_DIRECT_OBJC_ISA_USAGE = YES_ERROR;
				CLANG_WARN_DOCUMENTATION_COMMENTS = YES;
				CLANG_WARN_EMPTY_BODY = YES;
				CLANG_WARN_ENUM_CONVERSION = YES;
				CLANG_WARN_INFINITE_RECURSION = YES;
				CLANG_WARN_INT_CONVERSION = YES;
				CLANG_WARN_OBJC_ROOT_CLASS = YES_ERROR;
				CLANG_WARN_SUSPICIOUS_MOVE = YES;
				CLANG_WARN_UNREACHABLE_CODE = YES;
				CLANG_WARN__DUPLICATE_METHOD_MATCH = YES;
				"CODE_SIGN_IDENTITY[sdk=iphoneos*]" = "iPhone Developer";
				COPY_PHASE_STRIP = NO;
				DEBUG_INFORMATION_FORMAT = "dwarf-with-dsym";
				ENABLE_NS_ASSERTIONS = NO;
				ENABLE_STRICT_OBJC_MSGSEND = YES;
				GCC_C_LANGUAGE_STANDARD = gnu99;
				GCC_NO_COMMON_BLOCKS = YES;
				GCC_WARN_64_TO_32_BIT_CONVERSION = YES;
				GCC_WARN_ABOUT_RETURN_TYPE = YES_ERROR;
				GCC_WARN_UNDECLARED_SELECTOR = YES;
				GCC_WARN_UNINITIALIZED_AUTOS = YES_AGGRESSIVE;
				GCC_WARN_UNUSED_FUNCTION = YES;
				GCC_WARN_UNUSED_VARIABLE = YES;
				IPHONEOS_DEPLOYMENT_TARGET = 10.2;
				MTL_ENABLE_DEBUG_INFO = NO;
				SDKROOT = iphoneos;
				SWIFT_OPTIMIZATION_LEVEL = "-Owholemodule";
				TARGETED_DEVICE_FAMILY = 2;
				VALIDATE_PRODUCT = YES;
			};
			name = Release;
		};
		2F2A12D81E7EA4E4005A49EA /* Debug */ = {
			isa = XCBuildConfiguration;
			buildSettings = {
				ASSETCATALOG_COMPILER_APPICON_NAME = AppIcon;
				DEVELOPMENT_TEAM = G4WT85FFHH;
				INFOPLIST_FILE = WWDC17Apply/Info.plist;
				LD_RUNPATH_SEARCH_PATHS = "$(inherited) @executable_path/Frameworks";
				PRODUCT_BUNDLE_IDENTIFIER = cn.edu.tongji.WWDC17Apply;
				PRODUCT_NAME = "$(TARGET_NAME)";
				SWIFT_VERSION = 3.0;
			};
			name = Debug;
		};
		2F2A12D91E7EA4E4005A49EA /* Release */ = {
			isa = XCBuildConfiguration;
			buildSettings = {
				ASSETCATALOG_COMPILER_APPICON_NAME = AppIcon;
				DEVELOPMENT_TEAM = G4WT85FFHH;
				INFOPLIST_FILE = WWDC17Apply/Info.plist;
				LD_RUNPATH_SEARCH_PATHS = "$(inherited) @executable_path/Frameworks";
				PRODUCT_BUNDLE_IDENTIFIER = cn.edu.tongji.WWDC17Apply;
				PRODUCT_NAME = "$(TARGET_NAME)";
				SWIFT_VERSION = 3.0;
			};
			name = Release;
		};
/* End XCBuildConfiguration section */

/* Begin XCConfigurationList section */
		2F2A12C01E7EA4E3005A49EA /* Build configuration list for PBXProject "WWDC17Apply" */ = {
			isa = XCConfigurationList;
			buildConfigurations = (
				2F2A12D51E7EA4E4005A49EA /* Debug */,
				2F2A12D61E7EA4E4005A49EA /* Release */,
			);
			defaultConfigurationIsVisible = 0;
			defaultConfigurationName = Release;
		};
		2F2A12D71E7EA4E4005A49EA /* Build configuration list for PBXNativeTarget "WWDC17Apply" */ = {
			isa = XCConfigurationList;
			buildConfigurations = (
				2F2A12D81E7EA4E4005A49EA /* Debug */,
				2F2A12D91E7EA4E4005A49EA /* Release */,
			);
			defaultConfigurationIsVisible = 0;
			defaultConfigurationName = Release;
		};
/* End XCConfigurationList section */
	};
	rootObject = 2F2A12BD1E7EA4E3005A49EA /* Project object */;
}
